nikand.dev/go/prometheus v0.0.0-20250308020026-188dc6ebef7d h1:kplyOX/smJlgHUyHCzHgKKjBYCsWV9YXPVGh2HsFrkA=
nikand.dev/go/prometheus v0.0.0-20250308020026-188dc6ebef7d/go.mod h1:azdqxGlq6T6X3Rdtr8wIHD4cEsLepQckWAqQs2JazQI=
nikand.dev/go/quantile v0.0.0-20250307215922-4e47b9a29282 h1:FGL4VFfDaedz4buAaDMjvDvUyH7Qg84MJzXqTkMUJ5U=
nikand.dev/go/quantile v0.0.0-20250307215922-4e47b9a29282/go.mod h1:6QR4AK4piTDPa4ZJfYLX4cw5JFJulAr4Ici6E1l0mrI=
